// !$*UTF8*$!
{
	archiveVersion = 1;
	classes = {
	};
	objectVersion = 46;
	objects = {

/* Begin PBXBuildFile section */
		27F5D40E1C5C643E00CBCA50 /* AppDelegate.swift in Sources */ = {isa = PBXBuildFile; fileRef = 27F5D40D1C5C643E00CBCA50 /* AppDelegate.swift */; };
		27F5D4101C5C643E00CBCA50 /* ViewController.swift in Sources */ = {isa = PBXBuildFile; fileRef = 27F5D40F1C5C643E00CBCA50 /* ViewController.swift */; };
		27F5D4131C5C643E00CBCA50 /* Main.storyboard in Resources */ = {isa = PBXBuildFile; fileRef = 27F5D4111C5C643E00CBCA50 /* Main.storyboard */; };
		27F5D4151C5C643E00CBCA50 /* Assets.xcassets in Resources */ = {isa = PBXBuildFile; fileRef = 27F5D4141C5C643E00CBCA50 /* Assets.xcassets */; };
		27F5D4181C5C643E00CBCA50 /* LaunchScreen.storyboard in Resources */ = {isa = PBXBuildFile; fileRef = 27F5D4161C5C643E00CBCA50 /* LaunchScreen.storyboard */; };
		27F5D4201C5C656500CBCA50 /* index.html in Resources */ = {isa = PBXBuildFile; fileRef = 27F5D41F1C5C656500CBCA50 /* index.html */; };
		27F5D4221C5C6B6A00CBCA50 /* JavaScriptCore.framework in Frameworks */ = {isa = PBXBuildFile; fileRef = 27F5D4211C5C6B6A00CBCA50 /* JavaScriptCore.framework */; };
/* End PBXBuildFile section */

/* Begin PBXFileReference section */
		27F5D40A1C5C643E00CBCA50 /* Objective-C_JavaScript.app */ = {isa = PBXFileReference; explicitFileType = wrapper.application; includeInIndex = 0; path = "Objective-C_JavaScript.app"; sourceTree = BUILT_PRODUCTS_DIR; };
		27F5D40D1C5C643E00CBCA50 /* AppDelegate.swift */ = {isa = PBXFileReference; lastKnownFileType = sourcecode.swift; path = AppDelegate.swift; sourceTree = "<group>"; };
		27F5D40F1C5C643E00CBCA50 /* ViewController.swift */ = {isa = PBXFileReference; lastKnownFileType = sourcecode.swift; path = ViewController.swift; sourceTree = "<group>"; };
		27F5D4121C5C643E00CBCA50 /* Base */ = {isa = PBXFileReference; lastKnownFileType = file.storyboard; name = Base; path = Base.lproj/Main.storyboard; sourceTree = "<group>"; };
		27F5D4141C5C643E00CBCA50 /* Assets.xcassets */ = {isa = PBXFileReference; lastKnownFileType = folder.assetcatalog; path = Assets.xcassets; sourceTree = "<group>"; };
		27F5D4171C5C643E00CBCA50 /* Base */ = {isa = PBXFileReference; lastKnownFileType = file.storyboard; name = Base; path = Base.lproj/LaunchScreen.storyboard; sourceTree = "<group>"; };
		27F5D4191C5C643E00CBCA50 /* Info.plist */ = {isa = PBXFileReference; lastKnownFileType = text.plist.xml; path = Info.plist; sourceTree = "<group>"; };
		27F5D41F1C5C656500CBCA50 /* index.html */ = {isa = PBXFileReference; fileEncoding = 4; lastKnownFileType = text.html; path = index.html; sourceTree = "<group>"; };
		27F5D4211C5C6B6A00CBCA50 /* JavaScriptCore.framework */ = {isa = PBXFileReference; lastKnownFileType = wrapper.framework; name = JavaScriptCore.framework; path = System/Library/Frameworks/JavaScriptCore.framework; sourceTree = SDKROOT; };
/* End PBXFileReference section */

/* Begin PBXFrameworksBuildPhase section */
		27F5D4071C5C643E00CBCA50 /* Frameworks */ = {
			isa = PBXFrameworksBuildPhase;
			buildActionMask = 2147483647;
			files = (
				27F5D4221C5C6B6A00CBCA50 /* JavaScriptCore.framework in Frameworks */,
			);
			runOnlyForDeploymentPostprocessing = 0;
		};
/* End PBXFrameworksBuildPhase section */

/* Begin PBXGroup section */
		27F5D4011C5C643E00CBCA50 = {
			isa = PBXGroup;
			children = (
				27F5D4211C5C6B6A00CBCA50 /* JavaScriptCore.framework */,
				27F5D40C1C5C643E00CBCA50 /* Objective-C_JavaScript */,
				27F5D40B1C5C643E00CBCA50 /* Products */,
			);
			sourceTree = "<group>";
		};
		27F5D40B1C5C643E00CBCA50 /* Products */ = {
			isa = PBXGroup;
			children = (
				27F5D40A1C5C643E00CBCA50 /* Objective-C_JavaScript.app */,
			);
			name = Products;
			sourceTree = "<group>";
		};
		27F5D40C1C5C643E00CBCA50 /* Objective-C_JavaScript */ = {
			isa = PBXGroup;
			children = (
				27F5D40D1C5C643E00CBCA50 /* AppDelegate.swift */,
				27F5D40F1C5C643E00CBCA50 /* ViewController.swift */,
				27F5D4111C5C643E00CBCA50 /* Main.storyboard */,
				27F5D41F1C5C656500CBCA50 /* index.html */,
				27F5D4141C5C643E00CBCA50 /* Assets.xcassets */,
				27F5D4161C5C643E00CBCA50 /* LaunchScreen.storyboard */,
				27F5D4191C5C643E00CBCA50 /* Info.plist */,
			);
			path = "Objective-C_JavaScript";
			sourceTree = "<group>";
		};
/* End PBXGroup section */

/* Begin PBXNativeTarget section */
		27F5D4091C5C643E00CBCA50 /* Objective-C_JavaScript */ = {
			isa = PBXNativeTarget;
			buildConfigurationList = 27F5D41C1C5C643E00CBCA50 /* Build configuration list for PBXNativeTarget "Objective-C_JavaScript" */;
			buildPhases = (
				27F5D4061C5C643E00CBCA50 /* Sources */,
				27F5D4071C5C643E00CBCA50 /* Frameworks */,
				27F5D4081C5C643E00CBCA50 /* Resources */,
			);
			buildRules = (
			);
			dependencies = (
			);
			name = "Objective-C_JavaScript";
			productName = "Objective-C_JavaScript";
			productReference = 27F5D40A1C5C643E00CBCA50 /* Objective-C_JavaScript.app */;
			productType = "com.apple.product-type.application";
		};
/* End PBXNativeTarget section */

/* Begin PBXProject section */
		27F5D4021C5C643E00CBCA50 /* Project object */ = {
			isa = PBXProject;
			attributes = {
				LastSwiftUpdateCheck = 0720;
				LastUpgradeCheck = 0720;
				ORGANIZATIONNAME = fanpyi;
				TargetAttributes = {
					27F5D4091C5C643E00CBCA50 = {
						CreatedOnToolsVersion = 7.2;
					};
				};
			};
			buildConfigurationList = 27F5D4051C5C643E00CBCA50 /* Build configuration list for PBXProject "Objective-C_JavaScript" */;
			compatibilityVersion = "Xcode 3.2";
			developmentRegion = English;
			hasScannedForEncodings = 0;
			knownRegions = (
				en,
				Base,
			);
			mainGroup = 27F5D4011C5C643E00CBCA50;
			productRefGroup = 27F5D40B1C5C643E00CBCA50 /* Products */;
			projectDirPath = "";
			projectRoot = "";
			targets = (
				27F5D4091C5C643E00CBCA50 /* Objective-C_JavaScript */,
			);
		};
/* End PBXProject section */

/* Begin PBXResourcesBuildPhase section */
		27F5D4081C5C643E00CBCA50 /* Resources */ = {
			isa = PBXResourcesBuildPhase;
			buildActionMask = 2147483647;
			files = (
				27F5D4181C5C643E00CBCA50 /* LaunchScreen.storyboard in Resources */,
				27F5D4201C5C656500CBCA50 /* index.html in Resources */,
				27F5D4151C5C643E00CBCA50 /* Assets.xcassets in Resources */,
				27F5D4131C5C643E00CBCA50 /* Main.storyboard in Resources */,
			);
			runOnlyForDeploymentPostprocessing = 0;
		};
/* End PBXResourcesBuildPhase section */

/* Begin PBXSourcesBuildPhase section */
		27F5D4061C5C643E00CBCA50 /* Sources */ = {
			isa = PBXSourcesBuildPhase;
			buildActionMask = 2147483647;
			files = (
				27F5D4101C5C643E00CBCA50 /* ViewController.swift in Sources */,
				27F5D40E1C5C643E00CBCA50 /* AppDelegate.swift in Sources */,
			);
			runOnlyForDeploymentPostprocessing = 0;
		};
/* End PBXSourcesBuildPhase section */

/* Begin PBXVariantGroup section */
		27F5D4111C5C643E00CBCA50 /* Main.storyboard */ = {
			isa = PBXVariantGroup;
			children = (
				27F5D4121C5C643E00CBCA50 /* Base */,
			);
			name = Main.storyboard;
			sourceTree = "<group>";
		};
		27F5D4161C5C643E00CBCA50 /* LaunchScreen.storyboard */ = {
			isa = PBXVariantGroup;
			children = (
				27F5D4171C5C643E00CBCA50 /* Base */,
			);
			name = LaunchScreen.storyboard;
			sourceTree = "<group>";
		};
/* End PBXVariantGroup section */

/* Begin XCBuildConfiguration section */
		27F5D41A1C5C643E00CBCA50 /* Debug */ = {
			isa = XCBuildConfiguration;
			buildSettings = {
				ALWAYS_SEARCH_USER_PATHS = NO;
				CLANG_CXX_LANGUAGE_STANDARD = "gnu++0x";
				CLANG_CXX_LIBRARY = "libc++";
				CLANG_ENABLE_MODULES = YES;
				CLANG_ENABLE_OBJC_ARC = YES;
				CLANG_WARN_BOOL_CONVERSION = YES;
				CLANG_WARN_CONSTANT_CONVERSION = YES;
				CLANG_WARN_DIRECT_OBJC_ISA_USAGE = YES_ERROR;
				CLANG_WARN_EMPTY_BODY = YES;
				CLANG_WARN_ENUM_CONVERSION = YES;
				CLANG_WARN_INT_CONVERSION = YES;
				CLANG_WARN_OBJC_ROOT_CLASS = YES_ERROR;
				CLANG_WARN_UNREACHABLE_CODE = YES;
				CLANG_WARN__DUPLICATE_METHOD_MATCH = YES;
				"CODE_SIGN_IDENTITY[sdk=iphoneos*]" = "iPhone Developer";
				COPY_PHASE_STRIP = NO;
				DEBUG_INFORMATION_FORMAT = dwarf;
				ENABLE_STRICT_OBJC_MSGSEND = YES;
				ENABLE_TESTABILITY = YES;
				GCC_C_LANGUAGE_STANDARD = gnu99;
				GCC_DYNAMIC_NO_PIC = NO;
				GCC_NO_COMMON_BLOCKS = YES;
				GCC_OPTIMIZATION_LEVEL = 0;
				GCC_PREPROCESSOR_DEFINITIONS = (
					"DEBUG=1",
					"$(inherited)",
				);
				GCC_WARN_64_TO_32_BIT_CONVERSION = YES;
				GCC_WARN_ABOUT_RETURN_TYPE = YES_ERROR;
				GCC_WARN_UNDECLARED_SELECTOR = YES;
				GCC_WARN_UNINITIALIZED_AUTOS = YES_AGGRESSIVE;
				GCC_WARN_UNUSED_FUNCTION = YES;
				GCC_WARN_UNUSED_VARIABLE = YES;
				IPHONEOS_DEPLOYMENT_TARGET = 9.2;
				MTL_ENABLE_DEBUG_INFO = YES;
				ONLY_ACTIVE_ARCH = YES;
				SDKROOT = iphoneos;
				SWIFT_OPTIMIZATION_LEVEL = "-Onone";
			};
			name = Debug;
		};
		27F5D41B1C5C643E00CBCA50 /* Release */ = {
			isa = XCBuildConfiguration;
			buildSettings = {
				ALWAYS_SEARCH_USER_PATHS = NO;
				CLANG_CXX_LANGUAGE_STANDARD = "gnu++0x";
				CLANG_CXX_LIBRARY = "libc++";
				CLANG_ENABLE_MODULES = YES;
				CLANG_ENABLE_OBJC_ARC = YES;
				CLANG_WARN_BOOL_CONVERSION = YES;
				CLANG_WARN_CONSTANT_CONVERSION = YES;
				CLANG_WARN_DIRECT_OBJC_ISA_USAGE = YES_ERROR;
				CLANG_WARN_EMPTY_BODY = YES;
				CLANG_WARN_ENUM_CONVERSION = YES;
				CLANG_WARN_INT_CONVERSION = YES;
				CLANG_WARN_OBJC_ROOT_CLASS = YES_ERROR;
				CLANG_WARN_UNREACHABLE_CODE = YES;
				CLANG_WARN__DUPLICATE_METHOD_MATCH = YES;
				"CODE_SIGN_IDENTITY[sdk=iphoneos*]" = "iPhone Developer";
				COPY_PHASE_STRIP = NO;
				DEBUG_INFORMATION_FORMAT = "dwarf-with-dsym";
				ENABLE_NS_ASSERTIONS = NO;
				ENABLE_STRICT_OBJC_MSGSEND = YES;
				GCC_C_LANGUAGE_STANDARD = gnu99;
				GCC_NO_COMMON_BLOCKS = YES;
				GCC_WARN_64_TO_32_BIT_CONVERSION = YES;
				GCC_WARN_ABOUT_RETURN_TYPE = YES_ERROR;
				GCC_WARN_UNDECLARED_SELECTOR = YES;
				GCC_WARN_UNINITIALIZED_AUTOS = YES_AGGRESSIVE;
				GCC_WARN_UNUSED_FUNCTION = YES;
				GCC_WARN_UNUSED_VARIABLE = YES;
				IPHONEOS_DEPLOYMENT_TARGET = 9.2;
				MTL_ENABLE_DEBUG_INFO = NO;
				SDKROOT = iphoneos;
				VALIDATE_PRODUCT = YES;
			};
			name = Release;
		};
		27F5D41D1C5C643E00CBCA50 /* Debug */ = {
			isa = XCBuildConfiguration;
			buildSettings = {
				ASSETCATALOG_COMPILER_APPICON_NAME = AppIcon;
				INFOPLIST_FILE = "Objective-C_JavaScript/Info.plist";
				LD_RUNPATH_SEARCH_PATHS = "$(inherited) @executable_path/Frameworks";
				PRODUCT_BUNDLE_IDENTIFIER = "com.touch.Objective-C-JavaScript";
				PRODUCT_NAME = "$(TARGET_NAME)";
			};
			name = Debug;
		};
		27F5D41E1C5C643E00CBCA50 /* Release */ = {
			isa = XCBuildConfiguration;
			buildSettings = {
				ASSETCATALOG_COMPILER_APPICON_NAME = AppIcon;
				INFOPLIST_FILE = "Objective-C_JavaScript/Info.plist";
				LD_RUNPATH_SEARCH_PATHS = "$(inherited) @executable_path/Frameworks";
				PRODUCT_BUNDLE_IDENTIFIER = "com.touch.Objective-C-JavaScript";
				PRODUCT_NAME = "$(TARGET_NAME)";
			};
			name = Release;
		};
/* End XCBuildConfiguration section */

/* Begin XCConfigurationList section */
		27F5D4051C5C643E00CBCA50 /* Build configuration list for PBXProject "Objective-C_JavaScript" */ = {
			isa = XCConfigurationList;
			buildConfigurations = (
				27F5D41A1C5C643E00CBCA50 /* Debug */,
				27F5D41B1C5C643E00CBCA50 /* Release */,
			);
			defaultConfigurationIsVisible = 0;
			defaultConfigurationName = Release;
		};
		27F5D41C1C5C643E00CBCA50 /* Build configuration list for PBXNativeTarget "Objective-C_JavaScript" */ = {
			isa = XCConfigurationList;
			buildConfigurations = (
				27F5D41D1C5C643E00CBCA50 /* Debug */,
				27F5D41E1C5C643E00CBCA50 /* Release */,
			);
			defaultConfigurationIsVisible = 0;
		};
/* End XCConfigurationList section */
	};
	rootObject = 27F5D4021C5C643E00CBCA50 /* Project object */;
}
